<?xml version="1.0" encoding="utf-8"?>
<Project ToolsVersion="4.0" xmlns="http://schemas.microsoft.com/developer/msbuild/2003">
  <ItemGroup>
    <Filter Include="Quelldateien">
      <UniqueIdentifier>{4FC737F1-C7A5-4376-A066-2A32D752A2FF}</UniqueIdentifier>
      <Extensions>cpp;c;cc;cxx;c++;def;odl;idl;hpj;bat;asm;asmx</Extensions>
    </Filter>
    <Filter Include="Headerdateien">
      <UniqueIdentifier>{93995380-89BD-4b04-88EB-625FBE52EBFB}</UniqueIdentifier>
      <Extensions>h;hh;hpp;hxx;h++;hm;inl;inc;ipp;xsd</Extensions>
    </Filter>
    <Filter Include="Ressourcendateien">
      <UniqueIdentifier>{67DA6AB6-F800-4c08-8B7A-83BB121AAD01}</UniqueIdentifier>
      <Extensions>rc;ico;cur;bmp;dlg;rc2;rct;bin;rgs;gif;jpg;jpeg;jpe;resx;tiff;tif;png;wav;mfcribbon-ms</Extensions>
    </Filter>
  </ItemGroup>
  <ItemGroup>
    <ClCompile Include="Main.cpp">
      <Filter>Quelldateien</Filter>
    </ClCompile>
    <ClCompile Include="Source\BPG\GameStates\GameStateBase.cpp">
      <Filter>Quelldateien</Filter>
    </ClCompile>
    <ClCompile Include="Source\BPG\Utils\Application.cpp">
      <Filter>Quelldateien</Filter>
    </ClCompile>
    <ClCompile Include="Source\BPG\GameStates\PlayingGameState.cpp">
      <Filter>Quelldateien</Filter>
    </ClCompile>
    <ClCompile Include="Source\BPG\GameObjects\Player.cpp">
      <Filter>Quelldateien</Filter>
    </ClCompile>
    <ClCompile Include="Source\BPG\Utils\Animation.cpp">
      <Filter>Quelldateien</Filter>
    </ClCompile>
    <ClCompile Include="Source\BPG\GameObjects\FrameRateCounter.cpp">
      <Filter>Quelldateien</Filter>
    </ClCompile>
    <ClCompile Include="Source\BPG\Extensions\View.cpp">
      <Filter>Quelldateien</Filter>
    </ClCompile>
    <ClCompile Include="Source\BPG\Extensions\RenderWindow.cpp">
      <Filter>Quelldateien</Filter>
    </ClCompile>
    <ClCompile Include="Source\BPG\GameObjects\Tree.cpp">
      <Filter>Quelldateien</Filter>
    </ClCompile>
    <ClCompile Include="Source\BPG\GameObjects\Forest.cpp">
      <Filter>Quelldateien</Filter>
    </ClCompile>
    <ClCompile Include="Source\BPG\Maths\Random.cpp">
      <Filter>Quelldateien</Filter>
    </ClCompile>
    <ClCompile Include="Source\BPG\Maths\BoundaryComponent.cpp">
      <Filter>Quelldateien</Filter>
    </ClCompile>
    <ClCompile Include="Source\BPG\Maths\CollisionHandler.cpp">
      <Filter>Quelldateien</Filter>
    </ClCompile>
    <ClCompile Include="Source\BPG\Input\InputManager.cpp">
      <Filter>Quelldateien</Filter>
    </ClCompile>
    <ClCompile Include="Source\BPG\Input\KeyBinding.cpp">
      <Filter>Quelldateien</Filter>
    </ClCompile>
  </ItemGroup>
  <ItemGroup>
    <None Include="openal32.dll" />
    <None Include="sfml-audio-d-2.dll" />
    <None Include="sfml-graphics-d-2.dll" />
    <None Include="sfml-network-d-2.dll" />
    <None Include="sfml-system-d-2.dll" />
    <None Include="sfml-window-d-2.dll" />
    <None Include="Assets\Cursors\aerowedge.cur">
      <Filter>Ressourcendateien</Filter>
    </None>
  </ItemGroup>
  <ItemGroup>
    <ClInclude Include="Include\BPG\Utils\StaticObject.hpp">
      <Filter>Headerdateien</Filter>
    </ClInclude>
    <ClInclude Include="Include\BPG\GameStates\GameStateBase.hpp">
      <Filter>Headerdateien</Filter>
    </ClInclude>
    <ClInclude Include="Include\BPG\Utils\Application.hpp">
      <Filter>Headerdateien</Filter>
    </ClInclude>
    <ClInclude Include="Include\BPG\GameStates\PlayingGameState.hpp">
      <Filter>Headerdateien</Filter>
    </ClInclude>
    <ClInclude Include="Include\BPG\GameObjects\Player.hpp">
      <Filter>Headerdateien</Filter>
    </ClInclude>
    <ClInclude Include="Include\BPG\Utils\Animation.hpp">
      <Filter>Headerdateien</Filter>
    </ClInclude>
    <ClInclude Include="Include\BPG\GameObjects\FrameRateCounter.hpp">
      <Filter>Headerdateien</Filter>
    </ClInclude>
    <ClInclude Include="Include\BPG\Utils\Caches\ResourceCache.hpp">
      <Filter>Headerdateien</Filter>
    </ClInclude>
    <ClInclude Include="Include\BPG\Utils\Caches\MemoryCache.hpp">
      <Filter>Headerdateien</Filter>
    </ClInclude>
    <ClInclude Include="Include\BPG\Utils\Loaders\ResourceLoader.hpp">
      <Filter>Headerdateien</Filter>
    </ClInclude>
    <ClInclude Include="Include\BPG\Extensions\View.hpp">
      <Filter>Headerdateien</Filter>
    </ClInclude>
    <ClInclude Include="Include\BPG\Extensions\RenderWindow.hpp">
      <Filter>Headerdateien</Filter>
    </ClInclude>
    <ClInclude Include="Include\BPG\GameObjects\Tree.hpp">
      <Filter>Headerdateien</Filter>
    </ClInclude>
    <ClInclude Include="Include\BPG\GameObjects\Forest.hpp">
      <Filter>Headerdateien</Filter>
    </ClInclude>
    <ClInclude Include="Include\BPG\Maths\Random.hpp">
      <Filter>Headerdateien</Filter>
    </ClInclude>
    <ClInclude Include="Include\BPG\Maths\BoundaryComponent.hpp">
      <Filter>Headerdateien</Filter>
    </ClInclude>
    <ClInclude Include="Include\BPG\Maths\Vector2.hpp">
      <Filter>Headerdateien</Filter>
    </ClInclude>
    <ClInclude Include="Include\BPG\Maths\CollisionHandler.hpp">
      <Filter>Headerdateien</Filter>
    </ClInclude>
    <ClInclude Include="Include\BPG\Input\InputManager.hpp">
      <Filter>Headerdateien</Filter>
    </ClInclude>
    <ClInclude Include="Include\BPG\Input\KeyBinding.hpp">
      <Filter>Headerdateien</Filter>
    </ClInclude>
  </ItemGroup>
  <ItemGroup>
    <Image Include="Assets\Textures\InstagramLogo.png">
      <Filter>Ressourcendateien</Filter>
    </Image>
    <Image Include="Assets\Textures\InstagramLogo2.png">
      <Filter>Ressourcendateien</Filter>
    </Image>
    <Image Include="Assets\Textures\CharacterAnimationSpriteSheet.png">
      <Filter>Ressourcendateien</Filter>
    </Image>
    <Image Include="Assets\Textures\Fox.png">
      <Filter>Ressourcendateien</Filter>
    </Image>
    <Image Include="Assets\Textures\GrassBackground.jpg">
      <Filter>Ressourcendateien</Filter>
    </Image>
    <Image Include="Assets\Cursors\Aerowedge.png">
      <Filter>Ressourcendateien</Filter>
    </Image>
    <Image Include="Assets\Textures\Tree.png">
      <Filter>Ressourcendateien</Filter>
    </Image>
    <Image Include="Assets\Textures\Trees.png">
      <Filter>Ressourcendateien</Filter>
    </Image>
    <Image Include="Assets\Icons\GameIcon.png">
      <Filter>Ressourcendateien</Filter>
    </Image>
  </ItemGroup>
  <ItemGroup>
    <Font Include="Assets\Fonts\Sansation\Sansation-Bold.ttf" />
    <Font Include="Assets\Fonts\Sansation\Sansation-BoldItalic.ttf" />
    <Font Include="Assets\Fonts\Sansation\Sansation-Italic.ttf" />
    <Font Include="Assets\Fonts\Sansation\Sansation-Light.ttf" />
    <Font Include="Assets\Fonts\Sansation\Sansation-LightItalic.ttf" />
    <Font Include="Assets\Fonts\Sansation\Sansation-Regular.ttf" />
  </ItemGroup>
  <ItemGroup>
    <Text Include="Assets\Fonts\Sansation\SIL Open Font License.txt" />
    <Text Include="Assets\WorldData\TreePositions.txt" />
  </ItemGroup>
</Project>